{
  "lockfile_version": "1",
  "packages": {
    "poetry@latest": {
      "last_modified": "2025-01-14T01:21:38Z",
      "plugin_version": "0.0.4",
      "resolved": "github:NixOS/nixpkgs/2b1fca3296ddd1602d2c4f104a4050e006f4b0cb#poetry",
      "source": "devbox-search",
      "version": "2.0.0",
      "systems": {
        "aarch64-darwin": {
          "outputs": [
            {
              "name": "out",
              "path": "/nix/store/13j1bmndxwgphq4ng1cvwpbrl8jzszwg-python3.12-poetry-2.0.0",
              "default": true
            },
            {
              "name": "dist",
              "path": "/nix/store/b41a96zmnk1cny0j8j4sf11j9mi992g2-python3.12-poetry-2.0.0-dist"
            }
          ],
          "store_path": "/nix/store/13j1bmndxwgphq4ng1cvwpbrl8jzszwg-python3.12-poetry-2.0.0"
        },
        "aarch64-linux": {
          "outputs": [
            {
              "name": "out",
              "path": "/nix/store/0id2166i8ad7rssb1ilhplab739vhq72-python3.12-poetry-2.0.0",
              "default": true
            },
            {
              "name": "dist",
              "path": "/nix/store/3m4lc95y78ij7bvqfq0286cqsbfgs3ib-python3.12-poetry-2.0.0-dist"
            }
          ],
          "store_path": "/nix/store/0id2166i8ad7rssb1ilhplab739vhq72-python3.12-poetry-2.0.0"
        },
        "x86_64-darwin": {
          "outputs": [
            {
              "name": "out",
              "path": "/nix/store/dqi8ya75gry33mfkpq93p32x32hwdma6-python3.12-poetry-2.0.0",
              "default": true
            },
            {
              "name": "dist",
              "path": "/nix/store/z46ahrbrvnhgd9w35h3lzyws6p3dz18m-python3.12-poetry-2.0.0-dist"
            }
          ],
          "store_path": "/nix/store/dqi8ya75gry33mfkpq93p32x32hwdma6-python3.12-poetry-2.0.0"
        },
        "x86_64-linux": {
          "outputs": [
            {
              "name": "out",
              "path": "/nix/store/kkvsbp087fq00gb1z9lvbjjd7c7zdy9d-python3.12-poetry-2.0.0",
              "default": true
            },
            {
              "name": "dist",
              "path": "/nix/store/j0sfh1a17fc6hqfgsqrmkfm8kx8xhn6f-python3.12-poetry-2.0.0-dist"
            }
          ],
          "store_path": "/nix/store/kkvsbp087fq00gb1z9lvbjjd7c7zdy9d-python3.12-poetry-2.0.0"
        }
      }
    },
    "python@latest": {
      "last_modified": "2024-12-23T21:10:33Z",
      "plugin_version": "0.0.4",
      "resolved": "github:NixOS/nixpkgs/de1864217bfa9b5845f465e771e0ecb48b30e02d#python313",
      "source": "devbox-search",
      "version": "3.13.1",
      "systems": {
        "aarch64-darwin": {
          "outputs": [
            {
              "name": "out",
              "path": "/nix/store/wn0n52lnysbscn702gfp20sx96cryiwp-python3-3.13.1",
              "default": true
            }
          ],
          "store_path": "/nix/store/wn0n52lnysbscn702gfp20sx96cryiwp-python3-3.13.1"
        },
        "aarch64-linux": {
          "outputs": [
            {
              "name": "out",
              "path": "/nix/store/hskvsfyapfx5sqk5mhcylzbjpxkr51f6-python3-3.13.1",
              "default": true
            },
            {
              "name": "debug",
              "path": "/nix/store/w3zkq34pfcwnwh235sqszxn3q0knq75s-python3-3.13.1-debug"
            }
          ],
          "store_path": "/nix/store/hskvsfyapfx5sqk5mhcylzbjpxkr51f6-python3-3.13.1"
        },
        "x86_64-darwin": {
          "outputs": [
            {
              "name": "out",
              "path": "/nix/store/aca752v0zczhjak334ldrgfi669nhccf-python3-3.13.1",
              "default": true
            }
          ],
          "store_path": "/nix/store/aca752v0zczhjak334ldrgfi669nhccf-python3-3.13.1"
        },
        "x86_64-linux": {
          "outputs": [
            {
              "name": "out",
              "path": "/nix/store/acxvfb890g9jawlxsj7zs8marxxvzrrs-python3-3.13.1",
              "default": true
            },
            {
              "name": "debug",
              "path": "/nix/store/wfsagf7s6lf1pclh3a0s5m4lrhh8g6hn-python3-3.13.1-debug"
            }
          ],
          "store_path": "/nix/store/acxvfb890g9jawlxsj7zs8marxxvzrrs-python3-3.13.1"
        }
      }
    }
  }
}
